
Microsoft Visual Studio Solution File, Format Version 12.00
# Visual Studio Version 17
VisualStudioVersion = 17.11.35208.52
MinimumVisualStudioVersion = 10.0.40219.1
Project("{8BC9CEB8-8B4A-11D0-8D11-00A0C91BC942}") = "LoanCalculator", "LoanCalculator\LoanCalculator.vcxproj", "{9C426191-F053-4F7C-8D5C-3A6313608F1D}"
EndProject
Global
	GlobalSection(SolutionConfigurationPlatforms) = preSolution
		Debug|x64 = Debug|x64
		Debug|x86 = Debug|x86
		Release|x64 = Release|x64
		Release|x86 = Release|x86
	EndGlobalSection
	GlobalSection(ProjectConfigurationPlatforms) = postSolution
		{9C426191-F053-4F7C-8D5C-3A6313608F1D}.Debug|x64.ActiveCfg = Debug|x64
		{9C426191-F053-4F7C-8D5C-3A6313608F1D}.Debug|x64.Build.0 = Debug|x64
		{9C426191-F053-4F7C-8D5C-3A6313608F1D}.Debug|x86.ActiveCfg = Debug|Win32
		{9C426191-F053-4F7C-8D5C-3A6313608F1D}.Debug|x86.Build.0 = Debug|Win32
		{9C426191-F053-4F7C-8D5C-3A6313608F1D}.Release|x64.ActiveCfg = Release|x64
		{9C426191-F053-4F7C-8D5C-3A6313608F1D}.Release|x64.Build.0 = Release|x64
		{9C426191-F053-4F7C-8D5C-3A6313608F1D}.Release|x86.ActiveCfg = Release|Win32
		{9C426191-F053-4F7C-8D5C-3A6313608F1D}.Release|x86.Build.0 = Release|Win32
	EndGlobalSection
	GlobalSection(SolutionProperties) = preSolution
		HideSolutionNode = FALSE
	EndGlobalSection
	GlobalSection(ExtensibilityGlobals) = postSolution
		SolutionGuid = {CD1607BC-374A-4A89-9E6E-D1C83CB67D09}
	EndGlobalSection
EndGlobal
